
Microsoft Visual Studio Solution File, Format Version 12.00
# Visual Studio Version 16
VisualStudioVersion = 16.0.31129.286
MinimumVisualStudioVersion = 10.0.40219.1
Project("{FAE04EC0-301F-11D3-BF4B-00C04F79EFBC}") = "FanEase.Web", "FanEase Portal\FanEase.Web.csproj", "{F5699C08-41EF-41AC-9824-5417A5B1CAF9}"
EndProject
Project("{FAE04EC0-301F-11D3-BF4B-00C04F79EFBC}") = "FanEase.API", "FanEase.API\FanEase.API.csproj", "{44DA75EA-B996-4792-A199-7F0906E3D9A6}"
EndProject
Project("{FAE04EC0-301F-11D3-BF4B-00C04F79EFBC}") = "FanEase.Service", "FanEase.Service\FanEase.Service.csproj", "{5BDDB398-42D0-46CF-A5E7-9992E7C3D522}"
EndProject
Project("{FAE04EC0-301F-11D3-BF4B-00C04F79EFBC}") = "FanEase.Model", "FanEase.Model\FanEase.Model.csproj", "{CF820377-EE13-44EC-8B17-1A50051909C3}"
EndProject
Global
	GlobalSection(SolutionConfigurationPlatforms) = preSolution
		Debug|Any CPU = Debug|Any CPU
		Release|Any CPU = Release|Any CPU
	EndGlobalSection
	GlobalSection(ProjectConfigurationPlatforms) = postSolution
		{F5699C08-41EF-41AC-9824-5417A5B1CAF9}.Debug|Any CPU.ActiveCfg = Debug|Any CPU
		{F5699C08-41EF-41AC-9824-5417A5B1CAF9}.Debug|Any CPU.Build.0 = Debug|Any CPU
		{F5699C08-41EF-41AC-9824-5417A5B1CAF9}.Release|Any CPU.ActiveCfg = Release|Any CPU
		{F5699C08-41EF-41AC-9824-5417A5B1CAF9}.Release|Any CPU.Build.0 = Release|Any CPU
		{44DA75EA-B996-4792-A199-7F0906E3D9A6}.Debug|Any CPU.ActiveCfg = Debug|Any CPU
		{44DA75EA-B996-4792-A199-7F0906E3D9A6}.Debug|Any CPU.Build.0 = Debug|Any CPU
		{44DA75EA-B996-4792-A199-7F0906E3D9A6}.Release|Any CPU.ActiveCfg = Release|Any CPU
		{44DA75EA-B996-4792-A199-7F0906E3D9A6}.Release|Any CPU.Build.0 = Release|Any CPU
		{5BDDB398-42D0-46CF-A5E7-9992E7C3D522}.Debug|Any CPU.ActiveCfg = Debug|Any CPU
		{5BDDB398-42D0-46CF-A5E7-9992E7C3D522}.Debug|Any CPU.Build.0 = Debug|Any CPU
		{5BDDB398-42D0-46CF-A5E7-9992E7C3D522}.Release|Any CPU.ActiveCfg = Release|Any CPU
		{5BDDB398-42D0-46CF-A5E7-9992E7C3D522}.Release|Any CPU.Build.0 = Release|Any CPU
		{CF820377-EE13-44EC-8B17-1A50051909C3}.Debug|Any CPU.ActiveCfg = Debug|Any CPU
		{CF820377-EE13-44EC-8B17-1A50051909C3}.Debug|Any CPU.Build.0 = Debug|Any CPU
		{CF820377-EE13-44EC-8B17-1A50051909C3}.Release|Any CPU.ActiveCfg = Release|Any CPU
		{CF820377-EE13-44EC-8B17-1A50051909C3}.Release|Any CPU.Build.0 = Release|Any CPU
	EndGlobalSection
	GlobalSection(SolutionProperties) = preSolution
		HideSolutionNode = FALSE
	EndGlobalSection
	GlobalSection(ExtensibilityGlobals) = postSolution
		SolutionGuid = {B5423CB2-1053-4626-9373-08299875C3F7}
	EndGlobalSection
EndGlobal
